// !$*UTF8*$!
{
	archiveVersion = 1;
	classes = {
	};
	objectVersion = 46;
	objects = {

/* Begin PBXBuildFile section */
		2A673E0C19377D9F00EF987F /* BusStopAnnotation.m in Sources */ = {isa = PBXBuildFile; fileRef = 2A673E0B19377D9F00EF987F /* BusStopAnnotation.m */; };
		F63B4D4C19365AE10029FF7E /* Foundation.framework in Frameworks */ = {isa = PBXBuildFile; fileRef = F63B4D4B19365AE10029FF7E /* Foundation.framework */; };
		F63B4D4E19365AE10029FF7E /* CoreGraphics.framework in Frameworks */ = {isa = PBXBuildFile; fileRef = F63B4D4D19365AE10029FF7E /* CoreGraphics.framework */; };
		F63B4D5019365AE10029FF7E /* UIKit.framework in Frameworks */ = {isa = PBXBuildFile; fileRef = F63B4D4F19365AE10029FF7E /* UIKit.framework */; };
		F63B4D5619365AE10029FF7E /* InfoPlist.strings in Resources */ = {isa = PBXBuildFile; fileRef = F63B4D5419365AE10029FF7E /* InfoPlist.strings */; };
		F63B4D5819365AE10029FF7E /* main.m in Sources */ = {isa = PBXBuildFile; fileRef = F63B4D5719365AE10029FF7E /* main.m */; };
		F63B4D5C19365AE10029FF7E /* AppDelegate.m in Sources */ = {isa = PBXBuildFile; fileRef = F63B4D5B19365AE10029FF7E /* AppDelegate.m */; };
		F63B4D5F19365AE10029FF7E /* Main.storyboard in Resources */ = {isa = PBXBuildFile; fileRef = F63B4D5D19365AE10029FF7E /* Main.storyboard */; };
		F63B4D6219365AE10029FF7E /* ViewController.m in Sources */ = {isa = PBXBuildFile; fileRef = F63B4D6119365AE10029FF7E /* ViewController.m */; };
		F63B4D6419365AE10029FF7E /* Images.xcassets in Resources */ = {isa = PBXBuildFile; fileRef = F63B4D6319365AE10029FF7E /* Images.xcassets */; };
		F63B4D6B19365AE10029FF7E /* XCTest.framework in Frameworks */ = {isa = PBXBuildFile; fileRef = F63B4D6A19365AE10029FF7E /* XCTest.framework */; };
		F63B4D6C19365AE10029FF7E /* Foundation.framework in Frameworks */ = {isa = PBXBuildFile; fileRef = F63B4D4B19365AE10029FF7E /* Foundation.framework */; };
		F63B4D6D19365AE10029FF7E /* UIKit.framework in Frameworks */ = {isa = PBXBuildFile; fileRef = F63B4D4F19365AE10029FF7E /* UIKit.framework */; };
		F63B4D7519365AE10029FF7E /* InfoPlist.strings in Resources */ = {isa = PBXBuildFile; fileRef = F63B4D7319365AE10029FF7E /* InfoPlist.strings */; };
		F63B4D7719365AE10029FF7E /* Get_On_That_BusTests.m in Sources */ = {isa = PBXBuildFile; fileRef = F63B4D7619365AE10029FF7E /* Get_On_That_BusTests.m */; };
		F63B4D8119365BCA0029FF7E /* MapKit.framework in Frameworks */ = {isa = PBXBuildFile; fileRef = F63B4D8019365BCA0029FF7E /* MapKit.framework */; };
		F63B4D841936725E0029FF7E /* DetailViewController.m in Sources */ = {isa = PBXBuildFile; fileRef = F63B4D831936725E0029FF7E /* DetailViewController.m */; };
/* End PBXBuildFile section */

/* Begin PBXContainerItemProxy section */
		F63B4D6E19365AE10029FF7E /* PBXContainerItemProxy */ = {
			isa = PBXContainerItemProxy;
			containerPortal = F63B4D4019365AE10029FF7E /* Project object */;
			proxyType = 1;
			remoteGlobalIDString = F63B4D4719365AE10029FF7E;
			remoteInfo = "Get On That Bus";
		};
/* End PBXContainerItemProxy section */

/* Begin PBXFileReference section */
		2A673E0A19377D9F00EF987F /* BusStopAnnotation.h */ = {isa = PBXFileReference; fileEncoding = 4; lastKnownFileType = sourcecode.c.h; path = BusStopAnnotation.h; sourceTree = "<group>"; };
		2A673E0B19377D9F00EF987F /* BusStopAnnotation.m */ = {isa = PBXFileReference; fileEncoding = 4; lastKnownFileType = sourcecode.c.objc; path = BusStopAnnotation.m; sourceTree = "<group>"; };
		F63B4D4819365AE10029FF7E /* Get On That Bus.app */ = {isa = PBXFileReference; explicitFileType = wrapper.application; includeInIndex = 0; path = "Get On That Bus.app"; sourceTree = BUILT_PRODUCTS_DIR; };
		F63B4D4B19365AE10029FF7E /* Foundation.framework */ = {isa = PBXFileReference; lastKnownFileType = wrapper.framework; name = Foundation.framework; path = System/Library/Frameworks/Foundation.framework; sourceTree = SDKROOT; };
		F63B4D4D19365AE10029FF7E /* CoreGraphics.framework */ = {isa = PBXFileReference; lastKnownFileType = wrapper.framework; name = CoreGraphics.framework; path = System/Library/Frameworks/CoreGraphics.framework; sourceTree = SDKROOT; };
		F63B4D4F19365AE10029FF7E /* UIKit.framework */ = {isa = PBXFileReference; lastKnownFileType = wrapper.framework; name = UIKit.framework; path = System/Library/Frameworks/UIKit.framework; sourceTree = SDKROOT; };
		F63B4D5319365AE10029FF7E /* Get On That Bus-Info.plist */ = {isa = PBXFileReference; lastKnownFileType = text.plist.xml; path = "Get On That Bus-Info.plist"; sourceTree = "<group>"; };
		F63B4D5519365AE10029FF7E /* en */ = {isa = PBXFileReference; lastKnownFileType = text.plist.strings; name = en; path = en.lproj/InfoPlist.strings; sourceTree = "<group>"; };
		F63B4D5719365AE10029FF7E /* main.m */ = {isa = PBXFileReference; lastKnownFileType = sourcecode.c.objc; path = main.m; sourceTree = "<group>"; };
		F63B4D5919365AE10029FF7E /* Get On That Bus-Prefix.pch */ = {isa = PBXFileReference; lastKnownFileType = sourcecode.c.h; path = "Get On That Bus-Prefix.pch"; sourceTree = "<group>"; };
		F63B4D5A19365AE10029FF7E /* AppDelegate.h */ = {isa = PBXFileReference; lastKnownFileType = sourcecode.c.h; path = AppDelegate.h; sourceTree = "<group>"; };
		F63B4D5B19365AE10029FF7E /* AppDelegate.m */ = {isa = PBXFileReference; lastKnownFileType = sourcecode.c.objc; path = AppDelegate.m; sourceTree = "<group>"; };
		F63B4D5E19365AE10029FF7E /* Base */ = {isa = PBXFileReference; lastKnownFileType = file.storyboard; name = Base; path = Base.lproj/Main.storyboard; sourceTree = "<group>"; };
		F63B4D6019365AE10029FF7E /* ViewController.h */ = {isa = PBXFileReference; lastKnownFileType = sourcecode.c.h; path = ViewController.h; sourceTree = "<group>"; };
		F63B4D6119365AE10029FF7E /* ViewController.m */ = {isa = PBXFileReference; lastKnownFileType = sourcecode.c.objc; path = ViewController.m; sourceTree = "<group>"; };
		F63B4D6319365AE10029FF7E /* Images.xcassets */ = {isa = PBXFileReference; lastKnownFileType = folder.assetcatalog; path = Images.xcassets; sourceTree = "<group>"; };
		F63B4D6919365AE10029FF7E /* Get On That BusTests.xctest */ = {isa = PBXFileReference; explicitFileType = wrapper.cfbundle; includeInIndex = 0; path = "Get On That BusTests.xctest"; sourceTree = BUILT_PRODUCTS_DIR; };
		F63B4D6A19365AE10029FF7E /* XCTest.framework */ = {isa = PBXFileReference; lastKnownFileType = wrapper.framework; name = XCTest.framework; path = Library/Frameworks/XCTest.framework; sourceTree = DEVELOPER_DIR; };
		F63B4D7219365AE10029FF7E /* Get On That BusTests-Info.plist */ = {isa = PBXFileReference; lastKnownFileType = text.plist.xml; path = "Get On That BusTests-Info.plist"; sourceTree = "<group>"; };
		F63B4D7419365AE10029FF7E /* en */ = {isa = PBXFileReference; lastKnownFileType = text.plist.strings; name = en; path = en.lproj/InfoPlist.strings; sourceTree = "<group>"; };
		F63B4D7619365AE10029FF7E /* Get_On_That_BusTests.m */ = {isa = PBXFileReference; lastKnownFileType = sourcecode.c.objc; path = Get_On_That_BusTests.m; sourceTree = "<group>"; };
		F63B4D8019365BCA0029FF7E /* MapKit.framework */ = {isa = PBXFileReference; lastKnownFileType = wrapper.framework; name = MapKit.framework; path = System/Library/Frameworks/MapKit.framework; sourceTree = SDKROOT; };
		F63B4D821936725E0029FF7E /* DetailViewController.h */ = {isa = PBXFileReference; fileEncoding = 4; lastKnownFileType = sourcecode.c.h; name = DetailViewController.h; path = ../DetailViewController.h; sourceTree = "<group>"; };
		F63B4D831936725E0029FF7E /* DetailViewController.m */ = {isa = PBXFileReference; fileEncoding = 4; lastKnownFileType = sourcecode.c.objc; name = DetailViewController.m; path = ../DetailViewController.m; sourceTree = "<group>"; };
/* End PBXFileReference section */

/* Begin PBXFrameworksBuildPhase section */
		F63B4D4519365AE10029FF7E /* Frameworks */ = {
			isa = PBXFrameworksBuildPhase;
			buildActionMask = 2147483647;
			files = (
				F63B4D8119365BCA0029FF7E /* MapKit.framework in Frameworks */,
				F63B4D4E19365AE10029FF7E /* CoreGraphics.framework in Frameworks */,
				F63B4D5019365AE10029FF7E /* UIKit.framework in Frameworks */,
				F63B4D4C19365AE10029FF7E /* Foundation.framework in Frameworks */,
			);
			runOnlyForDeploymentPostprocessing = 0;
		};
		F63B4D6619365AE10029FF7E /* Frameworks */ = {
			isa = PBXFrameworksBuildPhase;
			buildActionMask = 2147483647;
			files = (
				F63B4D6B19365AE10029FF7E /* XCTest.framework in Frameworks */,
				F63B4D6D19365AE10029FF7E /* UIKit.framework in Frameworks */,
				F63B4D6C19365AE10029FF7E /* Foundation.framework in Frameworks */,
			);
			runOnlyForDeploymentPostprocessing = 0;
		};
/* End PBXFrameworksBuildPhase section */

/* Begin PBXGroup section */
		F63B4D3F19365AE10029FF7E = {
			isa = PBXGroup;
			children = (
				F63B4D5119365AE10029FF7E /* Get On That Bus */,
				F63B4D7019365AE10029FF7E /* Get On That BusTests */,
				F63B4D4A19365AE10029FF7E /* Frameworks */,
				F63B4D4919365AE10029FF7E /* Products */,
			);
			sourceTree = "<group>";
		};
		F63B4D4919365AE10029FF7E /* Products */ = {
			isa = PBXGroup;
			children = (
				F63B4D4819365AE10029FF7E /* Get On That Bus.app */,
				F63B4D6919365AE10029FF7E /* Get On That BusTests.xctest */,
			);
			name = Products;
			sourceTree = "<group>";
		};
		F63B4D4A19365AE10029FF7E /* Frameworks */ = {
			isa = PBXGroup;
			children = (
				F63B4D8019365BCA0029FF7E /* MapKit.framework */,
				F63B4D4B19365AE10029FF7E /* Foundation.framework */,
				F63B4D4D19365AE10029FF7E /* CoreGraphics.framework */,
				F63B4D4F19365AE10029FF7E /* UIKit.framework */,
				F63B4D6A19365AE10029FF7E /* XCTest.framework */,
			);
			name = Frameworks;
			sourceTree = "<group>";
		};
		F63B4D5119365AE10029FF7E /* Get On That Bus */ = {
			isa = PBXGroup;
			children = (
				F63B4D5A19365AE10029FF7E /* AppDelegate.h */,
				F63B4D5B19365AE10029FF7E /* AppDelegate.m */,
				F63B4D5D19365AE10029FF7E /* Main.storyboard */,
				F63B4D6019365AE10029FF7E /* ViewController.h */,
				F63B4D6119365AE10029FF7E /* ViewController.m */,
				2A673E0A19377D9F00EF987F /* BusStopAnnotation.h */,
				2A673E0B19377D9F00EF987F /* BusStopAnnotation.m */,
				F63B4D821936725E0029FF7E /* DetailViewController.h */,
				F63B4D831936725E0029FF7E /* DetailViewController.m */,
				F63B4D6319365AE10029FF7E /* Images.xcassets */,
				F63B4D5219365AE10029FF7E /* Supporting Files */,
			);
			path = "Get On That Bus";
			sourceTree = "<group>";
		};
		F63B4D5219365AE10029FF7E /* Supporting Files */ = {
			isa = PBXGroup;
			children = (
				F63B4D5319365AE10029FF7E /* Get On That Bus-Info.plist */,
				F63B4D5419365AE10029FF7E /* InfoPlist.strings */,
				F63B4D5719365AE10029FF7E /* main.m */,
				F63B4D5919365AE10029FF7E /* Get On That Bus-Prefix.pch */,
			);
			name = "Supporting Files";
			sourceTree = "<group>";
		};
		F63B4D7019365AE10029FF7E /* Get On That BusTests */ = {
			isa = PBXGroup;
			children = (
				F63B4D7619365AE10029FF7E /* Get_On_That_BusTests.m */,
				F63B4D7119365AE10029FF7E /* Supporting Files */,
			);
			path = "Get On That BusTests";
			sourceTree = "<group>";
		};
		F63B4D7119365AE10029FF7E /* Supporting Files */ = {
			isa = PBXGroup;
			children = (
				F63B4D7219365AE10029FF7E /* Get On That BusTests-Info.plist */,
				F63B4D7319365AE10029FF7E /* InfoPlist.strings */,
			);
			name = "Supporting Files";
			sourceTree = "<group>";
		};
/* End PBXGroup section */

/* Begin PBXNativeTarget section */
		F63B4D4719365AE10029FF7E /* Get On That Bus */ = {
			isa = PBXNativeTarget;
			buildConfigurationList = F63B4D7A19365AE10029FF7E /* Build configuration list for PBXNativeTarget "Get On That Bus" */;
			buildPhases = (
				F63B4D4419365AE10029FF7E /* Sources */,
				F63B4D4519365AE10029FF7E /* Frameworks */,
				F63B4D4619365AE10029FF7E /* Resources */,
			);
			buildRules = (
			);
			dependencies = (
			);
			name = "Get On That Bus";
			productName = "Get On That Bus";
			productReference = F63B4D4819365AE10029FF7E /* Get On That Bus.app */;
			productType = "com.apple.product-type.application";
		};
		F63B4D6819365AE10029FF7E /* Get On That BusTests */ = {
			isa = PBXNativeTarget;
			buildConfigurationList = F63B4D7D19365AE10029FF7E /* Build configuration list for PBXNativeTarget "Get On That BusTests" */;
			buildPhases = (
				F63B4D6519365AE10029FF7E /* Sources */,
				F63B4D6619365AE10029FF7E /* Frameworks */,
				F63B4D6719365AE10029FF7E /* Resources */,
			);
			buildRules = (
			);
			dependencies = (
				F63B4D6F19365AE10029FF7E /* PBXTargetDependency */,
			);
			name = "Get On That BusTests";
			productName = "Get On That BusTests";
			productReference = F63B4D6919365AE10029FF7E /* Get On That BusTests.xctest */;
			productType = "com.apple.product-type.bundle.unit-test";
		};
/* End PBXNativeTarget section */

/* Begin PBXProject section */
		F63B4D4019365AE10029FF7E /* Project object */ = {
			isa = PBXProject;
			attributes = {
				LastUpgradeCheck = 0510;
				ORGANIZATIONNAME = "Philipe's Productions";
				TargetAttributes = {
					F63B4D6819365AE10029FF7E = {
						TestTargetID = F63B4D4719365AE10029FF7E;
					};
				};
			};
			buildConfigurationList = F63B4D4319365AE10029FF7E /* Build configuration list for PBXProject "Get On That Bus" */;
			compatibilityVersion = "Xcode 3.2";
			developmentRegion = English;
			hasScannedForEncodings = 0;
			knownRegions = (
				en,
				Base,
			);
			mainGroup = F63B4D3F19365AE10029FF7E;
			productRefGroup = F63B4D4919365AE10029FF7E /* Products */;
			projectDirPath = "";
			projectRoot = "";
			targets = (
				F63B4D4719365AE10029FF7E /* Get On That Bus */,
				F63B4D6819365AE10029FF7E /* Get On That BusTests */,
			);
		};
/* End PBXProject section */

/* Begin PBXResourcesBuildPhase section */
		F63B4D4619365AE10029FF7E /* Resources */ = {
			isa = PBXResourcesBuildPhase;
			buildActionMask = 2147483647;
			files = (
				F63B4D6419365AE10029FF7E /* Images.xcassets in Resources */,
				F63B4D5619365AE10029FF7E /* InfoPlist.strings in Resources */,
				F63B4D5F19365AE10029FF7E /* Main.storyboard in Resources */,
			);
			runOnlyForDeploymentPostprocessing = 0;
		};
		F63B4D6719365AE10029FF7E /* Resources */ = {
			isa = PBXResourcesBuildPhase;
			buildActionMask = 2147483647;
			files = (
				F63B4D7519365AE10029FF7E /* InfoPlist.strings in Resources */,
			);
			runOnlyForDeploymentPostprocessing = 0;
		};
/* End PBXResourcesBuildPhase section */

/* Begin PBXSourcesBuildPhase section */
		F63B4D4419365AE10029FF7E /* Sources */ = {
			isa = PBXSourcesBuildPhase;
			buildActionMask = 2147483647;
			files = (
				F63B4D6219365AE10029FF7E /* ViewController.m in Sources */,
				2A673E0C19377D9F00EF987F /* BusStopAnnotation.m in Sources */,
				F63B4D5C19365AE10029FF7E /* AppDelegate.m in Sources */,
				F63B4D5819365AE10029FF7E /* main.m in Sources */,
				F63B4D841936725E0029FF7E /* DetailViewController.m in Sources */,
			);
			runOnlyForDeploymentPostprocessing = 0;
		};
		F63B4D6519365AE10029FF7E /* Sources */ = {
			isa = PBXSourcesBuildPhase;
			buildActionMask = 2147483647;
			files = (
				F63B4D7719365AE10029FF7E /* Get_On_That_BusTests.m in Sources */,
			);
			runOnlyForDeploymentPostprocessing = 0;
		};
/* End PBXSourcesBuildPhase section */

/* Begin PBXTargetDependency section */
		F63B4D6F19365AE10029FF7E /* PBXTargetDependency */ = {
			isa = PBXTargetDependency;
			target = F63B4D4719365AE10029FF7E /* Get On That Bus */;
			targetProxy = F63B4D6E19365AE10029FF7E /* PBXContainerItemProxy */;
		};
/* End PBXTargetDependency section */

/* Begin PBXVariantGroup section */
		F63B4D5419365AE10029FF7E /* InfoPlist.strings */ = {
			isa = PBXVariantGroup;
			children = (
				F63B4D5519365AE10029FF7E /* en */,
			);
			name = InfoPlist.strings;
			sourceTree = "<group>";
		};
		F63B4D5D19365AE10029FF7E /* Main.storyboard */ = {
			isa = PBXVariantGroup;
			children = (
				F63B4D5E19365AE10029FF7E /* Base */,
			);
			name = Main.storyboard;
			sourceTree = "<group>";
		};
		F63B4D7319365AE10029FF7E /* InfoPlist.strings */ = {
			isa = PBXVariantGroup;
			children = (
				F63B4D7419365AE10029FF7E /* en */,
			);
			name = InfoPlist.strings;
			sourceTree = "<group>";
		};
/* End PBXVariantGroup section */

/* Begin XCBuildConfiguration section */
		F63B4D7819365AE10029FF7E /* Debug */ = {
			isa = XCBuildConfiguration;
			buildSettings = {
				ALWAYS_SEARCH_USER_PATHS = NO;
				CLANG_CXX_LANGUAGE_STANDARD = "gnu++0x";
				CLANG_CXX_LIBRARY = "libc++";
				CLANG_ENABLE_MODULES = YES;
				CLANG_ENABLE_OBJC_ARC = YES;
				CLANG_WARN_BOOL_CONVERSION = YES;
				CLANG_WARN_CONSTANT_CONVERSION = YES;
				CLANG_WARN_DIRECT_OBJC_ISA_USAGE = YES_ERROR;
				CLANG_WARN_EMPTY_BODY = YES;
				CLANG_WARN_ENUM_CONVERSION = YES;
				CLANG_WARN_INT_CONVERSION = YES;
				CLANG_WARN_OBJC_ROOT_CLASS = YES_ERROR;
				CLANG_WARN__DUPLICATE_METHOD_MATCH = YES;
				"CODE_SIGN_IDENTITY[sdk=iphoneos*]" = "iPhone Developer";
				COPY_PHASE_STRIP = NO;
				GCC_C_LANGUAGE_STANDARD = gnu99;
				GCC_DYNAMIC_NO_PIC = NO;
				GCC_OPTIMIZATION_LEVEL = 0;
				GCC_PREPROCESSOR_DEFINITIONS = (
					"DEBUG=1",
					"$(inherited)",
				);
				GCC_SYMBOLS_PRIVATE_EXTERN = NO;
				GCC_WARN_64_TO_32_BIT_CONVERSION = YES;
				GCC_WARN_ABOUT_RETURN_TYPE = YES_ERROR;
				GCC_WARN_UNDECLARED_SELECTOR = YES;
				GCC_WARN_UNINITIALIZED_AUTOS = YES_AGGRESSIVE;
				GCC_WARN_UNUSED_FUNCTION = YES;
				GCC_WARN_UNUSED_VARIABLE = YES;
				IPHONEOS_DEPLOYMENT_TARGET = 7.1;
				ONLY_ACTIVE_ARCH = YES;
				SDKROOT = iphoneos;
			};
			name = Debug;
		};
		F63B4D7919365AE10029FF7E /* Release */ = {
			isa = XCBuildConfiguration;
			buildSettings = {
				ALWAYS_SEARCH_USER_PATHS = NO;
				CLANG_CXX_LANGUAGE_STANDARD = "gnu++0x";
				CLANG_CXX_LIBRARY = "libc++";
				CLANG_ENABLE_MODULES = YES;
				CLANG_ENABLE_OBJC_ARC = YES;
				CLANG_WARN_BOOL_CONVERSION = YES;
				CLANG_WARN_CONSTANT_CONVERSION = YES;
				CLANG_WARN_DIRECT_OBJC_ISA_USAGE = YES_ERROR;
				CLANG_WARN_EMPTY_BODY = YES;
				CLANG_WARN_ENUM_CONVERSION = YES;
				CLANG_WARN_INT_CONVERSION = YES;
				CLANG_WARN_OBJC_ROOT_CLASS = YES_ERROR;
				CLANG_WARN__DUPLICATE_METHOD_MATCH = YES;
				"CODE_SIGN_IDENTITY[sdk=iphoneos*]" = "iPhone Developer";
				COPY_PHASE_STRIP = YES;
				ENABLE_NS_ASSERTIONS = NO;
				GCC_C_LANGUAGE_STANDARD = gnu99;
				GCC_WARN_64_TO_32_BIT_CONVERSION = YES;
				GCC_WARN_ABOUT_RETURN_TYPE = YES_ERROR;
				GCC_WARN_UNDECLARED_SELECTOR = YES;
				GCC_WARN_UNINITIALIZED_AUTOS = YES_AGGRESSIVE;
				GCC_WARN_UNUSED_FUNCTION = YES;
				GCC_WARN_UNUSED_VARIABLE = YES;
				IPHONEOS_DEPLOYMENT_TARGET = 7.1;
				SDKROOT = iphoneos;
				VALIDATE_PRODUCT = YES;
			};
			name = Release;
		};
		F63B4D7B19365AE10029FF7E /* Debug */ = {
			isa = XCBuildConfiguration;
			buildSettings = {
				ASSETCATALOG_COMPILER_APPICON_NAME = AppIcon;
				ASSETCATALOG_COMPILER_LAUNCHIMAGE_NAME = LaunchImage;
				GCC_PRECOMPILE_PREFIX_HEADER = YES;
				GCC_PREFIX_HEADER = "Get On That Bus/Get On That Bus-Prefix.pch";
				INFOPLIST_FILE = "Get On That Bus/Get On That Bus-Info.plist";
				PRODUCT_NAME = "$(TARGET_NAME)";
				WRAPPER_EXTENSION = app;
			};
			name = Debug;
		};
		F63B4D7C19365AE10029FF7E /* Release */ = {
			isa = XCBuildConfiguration;
			buildSettings = {
				ASSETCATALOG_COMPILER_APPICON_NAME = AppIcon;
				ASSETCATALOG_COMPILER_LAUNCHIMAGE_NAME = LaunchImage;
				GCC_PRECOMPILE_PREFIX_HEADER = YES;
				GCC_PREFIX_HEADER = "Get On That Bus/Get On That Bus-Prefix.pch";
				INFOPLIST_FILE = "Get On That Bus/Get On That Bus-Info.plist";
				PRODUCT_NAME = "$(TARGET_NAME)";
				WRAPPER_EXTENSION = app;
			};
			name = Release;
		};
		F63B4D7E19365AE10029FF7E /* Debug */ = {
			isa = XCBuildConfiguration;
			buildSettings = {
				BUNDLE_LOADER = "$(BUILT_PRODUCTS_DIR)/Get On That Bus.app/Get On That Bus";
				FRAMEWORK_SEARCH_PATHS = (
					"$(SDKROOT)/Developer/Library/Frameworks",
					"$(inherited)",
					"$(DEVELOPER_FRAMEWORKS_DIR)",
				);
				GCC_PRECOMPILE_PREFIX_HEADER = YES;
				GCC_PREFIX_HEADER = "Get On That Bus/Get On That Bus-Prefix.pch";
				GCC_PREPROCESSOR_DEFINITIONS = (
					"DEBUG=1",
					"$(inherited)",
				);
				INFOPLIST_FILE = "Get On That BusTests/Get On That BusTests-Info.plist";
				PRODUCT_NAME = "$(TARGET_NAME)";
				TEST_HOST = "$(BUNDLE_LOADER)";
				WRAPPER_EXTENSION = xctest;
			};
			name = Debug;
		};
		F63B4D7F19365AE10029FF7E /* Release */ = {
			isa = XCBuildConfiguration;
			buildSettings = {
				BUNDLE_LOADER = "$(BUILT_PRODUCTS_DIR)/Get On That Bus.app/Get On That Bus";
				FRAMEWORK_SEARCH_PATHS = (
					"$(SDKROOT)/Developer/Library/Frameworks",
					"$(inherited)",
					"$(DEVELOPER_FRAMEWORKS_DIR)",
				);
				GCC_PRECOMPILE_PREFIX_HEADER = YES;
				GCC_PREFIX_HEADER = "Get On That Bus/Get On That Bus-Prefix.pch";
				INFOPLIST_FILE = "Get On That BusTests/Get On That BusTests-Info.plist";
				PRODUCT_NAME = "$(TARGET_NAME)";
				TEST_HOST = "$(BUNDLE_LOADER)";
				WRAPPER_EXTENSION = xctest;
			};
			name = Release;
		};
/* End XCBuildConfiguration section */

/* Begin XCConfigurationList section */
		F63B4D4319365AE10029FF7E /* Build configuration list for PBXProject "Get On That Bus" */ = {
			isa = XCConfigurationList;
			buildConfigurations = (
				F63B4D7819365AE10029FF7E /* Debug */,
				F63B4D7919365AE10029FF7E /* Release */,
			);
			defaultConfigurationIsVisible = 0;
			defaultConfigurationName = Release;
		};
		F63B4D7A19365AE10029FF7E /* Build configuration list for PBXNativeTarget "Get On That Bus" */ = {
			isa = XCConfigurationList;
			buildConfigurations = (
				F63B4D7B19365AE10029FF7E /* Debug */,
				F63B4D7C19365AE10029FF7E /* Release */,
			);
			defaultConfigurationIsVisible = 0;
			defaultConfigurationName = Release;
		};
		F63B4D7D19365AE10029FF7E /* Build configuration list for PBXNativeTarget "Get On That BusTests" */ = {
			isa = XCConfigurationList;
			buildConfigurations = (
				F63B4D7E19365AE10029FF7E /* Debug */,
				F63B4D7F19365AE10029FF7E /* Release */,
			);
			defaultConfigurationIsVisible = 0;
			defaultConfigurationName = Release;
		};
/* End XCConfigurationList section */
	};
	rootObject = F63B4D4019365AE10029FF7E /* Project object */;
}
